<Solution>
  <Folder Name="/src/">
    <Project Path="src/Edzoterem.Api/Edzoterem.Api.csproj" />
    <Project Path="src/Edzoterem.Application/Edzoterem.Application.csproj" />
    <Project Path="src/Edzoterem.Contracts/Edzoterem.Contracts.csproj" />
    <Project Path="src/Edzoterem.Domain/Edzoterem.Domain.csproj" />
    <Project Path="src/Edzoterem.Infrastructure/Edzoterem.Infrastructure.csproj" />
  </Folder>
  <Folder Name="/tests/">
    <Project Path="tests/Edzoterem.Api.Tests/Edzoterem.Api.Tests.csproj" />
  </Folder>
</Solution>
